
Microsoft Visual Studio Solution File, Format Version 12.00
# Visual Studio Version 17
VisualStudioVersion = 17.11.35327.3
MinimumVisualStudioVersion = 10.0.40219.1
Project("{9A19103F-16F7-4668-BE54-9A1E7A4F7556}") = "PcAnalyzer", "PcAnalyzer\PcAnalyzer.csproj", "{C28ED07B-C30D-47E7-B731-03879267E810}"
EndProject
Global
	GlobalSection(SolutionConfigurationPlatforms) = preSolution
		Debug|Any CPU = Debug|Any CPU
		Release|Any CPU = Release|Any CPU
	EndGlobalSection
	GlobalSection(ProjectConfigurationPlatforms) = postSolution
		{C28ED07B-C30D-47E7-B731-03879267E810}.Debug|Any CPU.ActiveCfg = Debug|Any CPU
		{C28ED07B-C30D-47E7-B731-03879267E810}.Debug|Any CPU.Build.0 = Debug|Any CPU
		{C28ED07B-C30D-47E7-B731-03879267E810}.Release|Any CPU.ActiveCfg = Release|Any CPU
		{C28ED07B-C30D-47E7-B731-03879267E810}.Release|Any CPU.Build.0 = Release|Any CPU
	EndGlobalSection
	GlobalSection(SolutionProperties) = preSolution
		HideSolutionNode = FALSE
	EndGlobalSection
	GlobalSection(ExtensibilityGlobals) = postSolution
		SolutionGuid = {197C3ECC-5188-4DD2-ADF8-98B8F56FF116}
	EndGlobalSection
EndGlobal
